// !$*UTF8*$!
{
	archiveVersion = 1;
	classes = {
	};
	objectVersion = 50;
	objects = {

/* Begin PBXBuildFile section */
		681087AF23FAE14700CFC0DE /* TimerLabel.swift in Sources */ = {isa = PBXBuildFile; fileRef = 681087AE23FAE14700CFC0DE /* TimerLabel.swift */; };
		681087B123FAEFAA00CFC0DE /* MainMenuVC.swift in Sources */ = {isa = PBXBuildFile; fileRef = 681087B023FAEFAA00CFC0DE /* MainMenuVC.swift */; };
		6824264623ECA70E00490395 /* card35Sound.m4a in Resources */ = {isa = PBXBuildFile; fileRef = 6824261523ECA70C00490395 /* card35Sound.m4a */; };
		6824264723ECA70E00490395 /* card42Sound.m4a in Resources */ = {isa = PBXBuildFile; fileRef = 6824261623ECA70C00490395 /* card42Sound.m4a */; };
		6824264823ECA70E00490395 /* card9Sound.m4a in Resources */ = {isa = PBXBuildFile; fileRef = 6824261723ECA70C00490395 /* card9Sound.m4a */; };
		6824264923ECA70E00490395 /* card12Sound.m4a in Resources */ = {isa = PBXBuildFile; fileRef = 6824261823ECA70C00490395 /* card12Sound.m4a */; };
		6824264A23ECA70E00490395 /* card25Sound.m4a in Resources */ = {isa = PBXBuildFile; fileRef = 6824261923ECA70C00490395 /* card25Sound.m4a */; };
		6824264B23ECA70E00490395 /* card2Sound.m4a in Resources */ = {isa = PBXBuildFile; fileRef = 6824261A23ECA70C00490395 /* card2Sound.m4a */; };
		6824264C23ECA70E00490395 /* cardflip.wav in Resources */ = {isa = PBXBuildFile; fileRef = 6824261B23ECA70C00490395 /* cardflip.wav */; };
		6824264D23ECA70E00490395 /* card20Sound.m4a in Resources */ = {isa = PBXBuildFile; fileRef = 6824261C23ECA70C00490395 /* card20Sound.m4a */; };
		6824264E23ECA70E00490395 /* card18Sound.m4a in Resources */ = {isa = PBXBuildFile; fileRef = 6824261D23ECA70C00490395 /* card18Sound.m4a */; };
		6824264F23ECA70E00490395 /* dingcorrect.wav in Resources */ = {isa = PBXBuildFile; fileRef = 6824261E23ECA70C00490395 /* dingcorrect.wav */; };
		6824265023ECA70E00490395 /* card39Sound.m4a in Resources */ = {isa = PBXBuildFile; fileRef = 6824261F23ECA70C00490395 /* card39Sound.m4a */; };
		6824265123ECA70E00490395 /* card13Sound.m4a in Resources */ = {isa = PBXBuildFile; fileRef = 6824262023ECA70C00490395 /* card13Sound.m4a */; };
		6824265223ECA70E00490395 /* card44Sound.m4a in Resources */ = {isa = PBXBuildFile; fileRef = 6824262123ECA70C00490395 /* card44Sound.m4a */; };
		6824265323ECA70E00490395 /* card27Sound.m4a in Resources */ = {isa = PBXBuildFile; fileRef = 6824262223ECA70C00490395 /* card27Sound.m4a */; };
		6824265423ECA70E00490395 /* card37Sound.m4a in Resources */ = {isa = PBXBuildFile; fileRef = 6824262323ECA70C00490395 /* card37Sound.m4a */; };
		6824265523ECA70E00490395 /* card16Sound.m4a in Resources */ = {isa = PBXBuildFile; fileRef = 6824262423ECA70C00490395 /* card16Sound.m4a */; };
		6824265623ECA70E00490395 /* card22Sound.m4a in Resources */ = {isa = PBXBuildFile; fileRef = 6824262523ECA70C00490395 /* card22Sound.m4a */; };
		6824265723ECA70E00490395 /* card41Sound.m4a in Resources */ = {isa = PBXBuildFile; fileRef = 6824262623ECA70C00490395 /* card41Sound.m4a */; };
		6824265823ECA70E00490395 /* card30Sound.m4a in Resources */ = {isa = PBXBuildFile; fileRef = 6824262723ECA70C00490395 /* card30Sound.m4a */; };
		6824265923ECA70E00490395 /* card19Sound.m4a in Resources */ = {isa = PBXBuildFile; fileRef = 6824262823ECA70C00490395 /* card19Sound.m4a */; };
		6824265A23ECA70E00490395 /* card17Sound.m4a in Resources */ = {isa = PBXBuildFile; fileRef = 6824262923ECA70C00490395 /* card17Sound.m4a */; };
		6824265B23ECA70E00490395 /* card11Sound.m4a in Resources */ = {isa = PBXBuildFile; fileRef = 6824262A23ECA70C00490395 /* card11Sound.m4a */; };
		6824265C23ECA70E00490395 /* shuffle.wav in Resources */ = {isa = PBXBuildFile; fileRef = 6824262B23ECA70C00490395 /* shuffle.wav */; };
		6824265D23ECA70E00490395 /* card29Sound.m4a in Resources */ = {isa = PBXBuildFile; fileRef = 6824262C23ECA70C00490395 /* card29Sound.m4a */; };
		6824265E23ECA70E00490395 /* card36Sound.m4a in Resources */ = {isa = PBXBuildFile; fileRef = 6824262D23ECA70D00490395 /* card36Sound.m4a */; };
		6824265F23ECA70E00490395 /* card1Sound.m4a in Resources */ = {isa = PBXBuildFile; fileRef = 6824262E23ECA70D00490395 /* card1Sound.m4a */; };
		6824266023ECA70E00490395 /* card8Sound.m4a in Resources */ = {isa = PBXBuildFile; fileRef = 6824262F23ECA70D00490395 /* card8Sound.m4a */; };
		6824266123ECA70E00490395 /* card5Sound.m4a in Resources */ = {isa = PBXBuildFile; fileRef = 6824263023ECA70D00490395 /* card5Sound.m4a */; };
		6824266223ECA70E00490395 /* card7Sound.m4a in Resources */ = {isa = PBXBuildFile; fileRef = 6824263123ECA70D00490395 /* card7Sound.m4a */; };
		6824266323ECA70E00490395 /* card34Sound.m4a in Resources */ = {isa = PBXBuildFile; fileRef = 6824263223ECA70D00490395 /* card34Sound.m4a */; };
		6824266423ECA70E00490395 /* card28Sound.m4a in Resources */ = {isa = PBXBuildFile; fileRef = 6824263323ECA70D00490395 /* card28Sound.m4a */; };
		6824266523ECA70E00490395 /* card6Sound.m4a in Resources */ = {isa = PBXBuildFile; fileRef = 6824263423ECA70D00490395 /* card6Sound.m4a */; };
		6824266623ECA70E00490395 /* card21Sound.m4a in Resources */ = {isa = PBXBuildFile; fileRef = 6824263523ECA70D00490395 /* card21Sound.m4a */; };
		6824266723ECA70E00490395 /* card32Sound.m4a in Resources */ = {isa = PBXBuildFile; fileRef = 6824263623ECA70D00490395 /* card32Sound.m4a */; };
		6824266823ECA70E00490395 /* makmak.m4a in Resources */ = {isa = PBXBuildFile; fileRef = 6824263723ECA70D00490395 /* makmak.m4a */; };
		6824266923ECA70E00490395 /* card10Sound.m4a in Resources */ = {isa = PBXBuildFile; fileRef = 6824263823ECA70D00490395 /* card10Sound.m4a */; };
		6824266A23ECA70E00490395 /* card14Sound.m4a in Resources */ = {isa = PBXBuildFile; fileRef = 6824263923ECA70D00490395 /* card14Sound.m4a */; };
		6824266B23ECA70E00490395 /* card4Sound.m4a in Resources */ = {isa = PBXBuildFile; fileRef = 6824263A23ECA70D00490395 /* card4Sound.m4a */; };
		6824266C23ECA70E00490395 /* dingwrong.wav in Resources */ = {isa = PBXBuildFile; fileRef = 6824263B23ECA70D00490395 /* dingwrong.wav */; };
		6824266D23ECA70E00490395 /* card3Sound.m4a in Resources */ = {isa = PBXBuildFile; fileRef = 6824263C23ECA70D00490395 /* card3Sound.m4a */; };
		6824266E23ECA70E00490395 /* card24Sound.m4a in Resources */ = {isa = PBXBuildFile; fileRef = 6824263D23ECA70D00490395 /* card24Sound.m4a */; };
		6824266F23ECA70E00490395 /* card38Sound.m4a in Resources */ = {isa = PBXBuildFile; fileRef = 6824263E23ECA70D00490395 /* card38Sound.m4a */; };
		6824267023ECA70E00490395 /* card15Sound.m4a in Resources */ = {isa = PBXBuildFile; fileRef = 6824263F23ECA70D00490395 /* card15Sound.m4a */; };
		6824267123ECA70E00490395 /* card31Sound.m4a in Resources */ = {isa = PBXBuildFile; fileRef = 6824264023ECA70D00490395 /* card31Sound.m4a */; };
		6824267223ECA70E00490395 /* card23Sound.m4a in Resources */ = {isa = PBXBuildFile; fileRef = 6824264123ECA70D00490395 /* card23Sound.m4a */; };
		6824267323ECA70E00490395 /* card26Sound.m4a in Resources */ = {isa = PBXBuildFile; fileRef = 6824264223ECA70D00490395 /* card26Sound.m4a */; };
		6824267423ECA70E00490395 /* card40Sound.m4a in Resources */ = {isa = PBXBuildFile; fileRef = 6824264323ECA70D00490395 /* card40Sound.m4a */; };
		6824267523ECA70E00490395 /* card33Sound.m4a in Resources */ = {isa = PBXBuildFile; fileRef = 6824264423ECA70E00490395 /* card33Sound.m4a */; };
		6824267623ECA70E00490395 /* card43Sound.m4a in Resources */ = {isa = PBXBuildFile; fileRef = 6824264523ECA70E00490395 /* card43Sound.m4a */; };
		6824267823ECA99F00490395 /* ActionButton.swift in Sources */ = {isa = PBXBuildFile; fileRef = 6824267723ECA99F00490395 /* ActionButton.swift */; };
		6832D95E23FA447A00029EBC /* View+Ext.swift in Sources */ = {isa = PBXBuildFile; fileRef = 6832D95D23FA447A00029EBC /* View+Ext.swift */; };
		6832D96023FA453F00029EBC /* StackView+Ext.swift in Sources */ = {isa = PBXBuildFile; fileRef = 6832D95F23FA453F00029EBC /* StackView+Ext.swift */; };
		68480F1A23F9021100D537F4 /* SecondaryButton.swift in Sources */ = {isa = PBXBuildFile; fileRef = 68480F1923F9021100D537F4 /* SecondaryButton.swift */; };
		68616F4823FC5AE400F45247 /* FlashCard.swift in Sources */ = {isa = PBXBuildFile; fileRef = 68616F4723FC5AE400F45247 /* FlashCard.swift */; };
		68616F4A23FE0F5900F45247 /* MoreInfoMsgBoxVC.swift in Sources */ = {isa = PBXBuildFile; fileRef = 68616F4923FE0F5900F45247 /* MoreInfoMsgBoxVC.swift */; };
		68616F4C23FE300000F45247 /* LearnLettersBasic.swift in Sources */ = {isa = PBXBuildFile; fileRef = 68616F4B23FE300000F45247 /* LearnLettersBasic.swift */; };
		68616F4E23FE312000F45247 /* LearnLettersCard.swift in Sources */ = {isa = PBXBuildFile; fileRef = 68616F4D23FE312000F45247 /* LearnLettersCard.swift */; };
		6884176323F35A8900FE8C49 /* Constants.swift in Sources */ = {isa = PBXBuildFile; fileRef = 6884176223F35A8800FE8C49 /* Constants.swift */; };
		6884176523F361B800FE8C49 /* Utilities.swift in Sources */ = {isa = PBXBuildFile; fileRef = 6884176423F361B800FE8C49 /* Utilities.swift */; };
		688BEFA123EBB632001299F2 /* SoundManager.swift in Sources */ = {isa = PBXBuildFile; fileRef = 688BEFA023EBB632001299F2 /* SoundManager.swift */; };
		68A5AC9023EB1DCF0087EF7C /* AppDelegate.swift in Sources */ = {isa = PBXBuildFile; fileRef = 68A5AC8F23EB1DCF0087EF7C /* AppDelegate.swift */; };
		68A5AC9223EB1DCF0087EF7C /* SceneDelegate.swift in Sources */ = {isa = PBXBuildFile; fileRef = 68A5AC9123EB1DCF0087EF7C /* SceneDelegate.swift */; };
		68A5AC9423EB1DCF0087EF7C /* ProficiencyTestVC.swift in Sources */ = {isa = PBXBuildFile; fileRef = 68A5AC9323EB1DCF0087EF7C /* ProficiencyTestVC.swift */; };
		68A5AC9723EB1DCF0087EF7C /* Main.storyboard in Resources */ = {isa = PBXBuildFile; fileRef = 68A5AC9523EB1DCF0087EF7C /* Main.storyboard */; };
		68A5AC9923EB1DD00087EF7C /* Assets.xcassets in Resources */ = {isa = PBXBuildFile; fileRef = 68A5AC9823EB1DD00087EF7C /* Assets.xcassets */; };
		68A5AC9C23EB1DD00087EF7C /* LaunchScreen.storyboard in Resources */ = {isa = PBXBuildFile; fileRef = 68A5AC9A23EB1DD00087EF7C /* LaunchScreen.storyboard */; };
		68A5ACA423EB91D40087EF7C /* Card.swift in Sources */ = {isa = PBXBuildFile; fileRef = 68A5ACA323EB91D40087EF7C /* Card.swift */; };
		68CDEECC23ED18BD00401419 /* ScoreLabel.swift in Sources */ = {isa = PBXBuildFile; fileRef = 68CDEECB23ED18BD00401419 /* ScoreLabel.swift */; };
		68DB7E2823FF2F8B009583B4 /* CardsRemainingLabel.swift in Sources */ = {isa = PBXBuildFile; fileRef = 68DB7E2723FF2F8B009583B4 /* CardsRemainingLabel.swift */; };
		68EEB1E923F7531F00E5B4BA /* LearnLettersAdvancedVC.swift in Sources */ = {isa = PBXBuildFile; fileRef = 68EEB1E823F7531F00E5B4BA /* LearnLettersAdvancedVC.swift */; };
		68EEB1EB23F85D5B00E5B4BA /* TestSettingsVC.swift in Sources */ = {isa = PBXBuildFile; fileRef = 68EEB1EA23F85D5B00E5B4BA /* TestSettingsVC.swift */; };
		68F3348F23F644440087B7DC /* ScoreboardTitleLabel.swift in Sources */ = {isa = PBXBuildFile; fileRef = 68F3348E23F644440087B7DC /* ScoreboardTitleLabel.swift */; };
		68F5946123F8FA2400C6E181 /* CustomStack.swift in Sources */ = {isa = PBXBuildFile; fileRef = 68F5946023F8FA2400C6E181 /* CustomStack.swift */; };
/* End PBXBuildFile section */

/* Begin PBXFileReference section */
		681087AE23FAE14700CFC0DE /* TimerLabel.swift */ = {isa = PBXFileReference; lastKnownFileType = sourcecode.swift; path = TimerLabel.swift; sourceTree = "<group>"; };
		681087B023FAEFAA00CFC0DE /* MainMenuVC.swift */ = {isa = PBXFileReference; lastKnownFileType = sourcecode.swift; path = MainMenuVC.swift; sourceTree = "<group>"; };
		6824261523ECA70C00490395 /* card35Sound.m4a */ = {isa = PBXFileReference; lastKnownFileType = file; name = card35Sound.m4a; path = "../../../../Documents/1 - Personal/XCODE/Learn Thai/Learn Thai/SFX/card35Sound.m4a"; sourceTree = "<group>"; };
		6824261623ECA70C00490395 /* card42Sound.m4a */ = {isa = PBXFileReference; lastKnownFileType = file; name = card42Sound.m4a; path = "../../../../Documents/1 - Personal/XCODE/Learn Thai/Learn Thai/SFX/card42Sound.m4a"; sourceTree = "<group>"; };
		6824261723ECA70C00490395 /* card9Sound.m4a */ = {isa = PBXFileReference; lastKnownFileType = file; name = card9Sound.m4a; path = "../../../../Documents/1 - Personal/XCODE/Learn Thai/Learn Thai/SFX/card9Sound.m4a"; sourceTree = "<group>"; };
		6824261823ECA70C00490395 /* card12Sound.m4a */ = {isa = PBXFileReference; lastKnownFileType = file; name = card12Sound.m4a; path = "../../../../Documents/1 - Personal/XCODE/Learn Thai/Learn Thai/SFX/card12Sound.m4a"; sourceTree = "<group>"; };
		6824261923ECA70C00490395 /* card25Sound.m4a */ = {isa = PBXFileReference; lastKnownFileType = file; name = card25Sound.m4a; path = "../../../../Documents/1 - Personal/XCODE/Learn Thai/Learn Thai/SFX/card25Sound.m4a"; sourceTree = "<group>"; };
		6824261A23ECA70C00490395 /* card2Sound.m4a */ = {isa = PBXFileReference; lastKnownFileType = file; name = card2Sound.m4a; path = "../../../../Documents/1 - Personal/XCODE/Learn Thai/Learn Thai/SFX/card2Sound.m4a"; sourceTree = "<group>"; };
		6824261B23ECA70C00490395 /* cardflip.wav */ = {isa = PBXFileReference; lastKnownFileType = audio.wav; name = cardflip.wav; path = "../../../../Documents/1 - Personal/XCODE/Learn Thai/Learn Thai/SFX/cardflip.wav"; sourceTree = "<group>"; };
		6824261C23ECA70C00490395 /* card20Sound.m4a */ = {isa = PBXFileReference; lastKnownFileType = file; name = card20Sound.m4a; path = "../../../../Documents/1 - Personal/XCODE/Learn Thai/Learn Thai/SFX/card20Sound.m4a"; sourceTree = "<group>"; };
		6824261D23ECA70C00490395 /* card18Sound.m4a */ = {isa = PBXFileReference; lastKnownFileType = file; name = card18Sound.m4a; path = "../../../../Documents/1 - Personal/XCODE/Learn Thai/Learn Thai/SFX/card18Sound.m4a"; sourceTree = "<group>"; };
		6824261E23ECA70C00490395 /* dingcorrect.wav */ = {isa = PBXFileReference; lastKnownFileType = audio.wav; name = dingcorrect.wav; path = "../../../../Documents/1 - Personal/XCODE/Learn Thai/Learn Thai/SFX/dingcorrect.wav"; sourceTree = "<group>"; };
		6824261F23ECA70C00490395 /* card39Sound.m4a */ = {isa = PBXFileReference; lastKnownFileType = file; name = card39Sound.m4a; path = "../../../../Documents/1 - Personal/XCODE/Learn Thai/Learn Thai/SFX/card39Sound.m4a"; sourceTree = "<group>"; };
		6824262023ECA70C00490395 /* card13Sound.m4a */ = {isa = PBXFileReference; lastKnownFileType = file; name = card13Sound.m4a; path = "../../../../Documents/1 - Personal/XCODE/Learn Thai/Learn Thai/SFX/card13Sound.m4a"; sourceTree = "<group>"; };
		6824262123ECA70C00490395 /* card44Sound.m4a */ = {isa = PBXFileReference; lastKnownFileType = file; name = card44Sound.m4a; path = "../../../../Documents/1 - Personal/XCODE/Learn Thai/Learn Thai/SFX/card44Sound.m4a"; sourceTree = "<group>"; };
		6824262223ECA70C00490395 /* card27Sound.m4a */ = {isa = PBXFileReference; lastKnownFileType = file; name = card27Sound.m4a; path = "../../../../Documents/1 - Personal/XCODE/Learn Thai/Learn Thai/SFX/card27Sound.m4a"; sourceTree = "<group>"; };
		6824262323ECA70C00490395 /* card37Sound.m4a */ = {isa = PBXFileReference; lastKnownFileType = file; name = card37Sound.m4a; path = "../../../../Documents/1 - Personal/XCODE/Learn Thai/Learn Thai/SFX/card37Sound.m4a"; sourceTree = "<group>"; };
		6824262423ECA70C00490395 /* card16Sound.m4a */ = {isa = PBXFileReference; lastKnownFileType = file; name = card16Sound.m4a; path = "../../../../Documents/1 - Personal/XCODE/Learn Thai/Learn Thai/SFX/card16Sound.m4a"; sourceTree = "<group>"; };
		6824262523ECA70C00490395 /* card22Sound.m4a */ = {isa = PBXFileReference; lastKnownFileType = file; name = card22Sound.m4a; path = "../../../../Documents/1 - Personal/XCODE/Learn Thai/Learn Thai/SFX/card22Sound.m4a"; sourceTree = "<group>"; };
		6824262623ECA70C00490395 /* card41Sound.m4a */ = {isa = PBXFileReference; lastKnownFileType = file; name = card41Sound.m4a; path = "../../../../Documents/1 - Personal/XCODE/Learn Thai/Learn Thai/SFX/card41Sound.m4a"; sourceTree = "<group>"; };
		6824262723ECA70C00490395 /* card30Sound.m4a */ = {isa = PBXFileReference; lastKnownFileType = file; name = card30Sound.m4a; path = "../../../../Documents/1 - Personal/XCODE/Learn Thai/Learn Thai/SFX/card30Sound.m4a"; sourceTree = "<group>"; };
		6824262823ECA70C00490395 /* card19Sound.m4a */ = {isa = PBXFileReference; lastKnownFileType = file; name = card19Sound.m4a; path = "../../../../Documents/1 - Personal/XCODE/Learn Thai/Learn Thai/SFX/card19Sound.m4a"; sourceTree = "<group>"; };
		6824262923ECA70C00490395 /* card17Sound.m4a */ = {isa = PBXFileReference; lastKnownFileType = file; name = card17Sound.m4a; path = "../../../../Documents/1 - Personal/XCODE/Learn Thai/Learn Thai/SFX/card17Sound.m4a"; sourceTree = "<group>"; };
		6824262A23ECA70C00490395 /* card11Sound.m4a */ = {isa = PBXFileReference; lastKnownFileType = file; name = card11Sound.m4a; path = "../../../../Documents/1 - Personal/XCODE/Learn Thai/Learn Thai/SFX/card11Sound.m4a"; sourceTree = "<group>"; };
		6824262B23ECA70C00490395 /* shuffle.wav */ = {isa = PBXFileReference; lastKnownFileType = audio.wav; name = shuffle.wav; path = "../../../../Documents/1 - Personal/XCODE/Learn Thai/Learn Thai/SFX/shuffle.wav"; sourceTree = "<group>"; };
		6824262C23ECA70C00490395 /* card29Sound.m4a */ = {isa = PBXFileReference; lastKnownFileType = file; name = card29Sound.m4a; path = "../../../../Documents/1 - Personal/XCODE/Learn Thai/Learn Thai/SFX/card29Sound.m4a"; sourceTree = "<group>"; };
		6824262D23ECA70D00490395 /* card36Sound.m4a */ = {isa = PBXFileReference; lastKnownFileType = file; name = card36Sound.m4a; path = "../../../../Documents/1 - Personal/XCODE/Learn Thai/Learn Thai/SFX/card36Sound.m4a"; sourceTree = "<group>"; };
		6824262E23ECA70D00490395 /* card1Sound.m4a */ = {isa = PBXFileReference; lastKnownFileType = file; name = card1Sound.m4a; path = "../../../../Documents/1 - Personal/XCODE/Learn Thai/Learn Thai/SFX/card1Sound.m4a"; sourceTree = "<group>"; };
		6824262F23ECA70D00490395 /* card8Sound.m4a */ = {isa = PBXFileReference; lastKnownFileType = file; name = card8Sound.m4a; path = "../../../../Documents/1 - Personal/XCODE/Learn Thai/Learn Thai/SFX/card8Sound.m4a"; sourceTree = "<group>"; };
		6824263023ECA70D00490395 /* card5Sound.m4a */ = {isa = PBXFileReference; lastKnownFileType = file; name = card5Sound.m4a; path = "../../../../Documents/1 - Personal/XCODE/Learn Thai/Learn Thai/SFX/card5Sound.m4a"; sourceTree = "<group>"; };
		6824263123ECA70D00490395 /* card7Sound.m4a */ = {isa = PBXFileReference; lastKnownFileType = file; name = card7Sound.m4a; path = "../../../../Documents/1 - Personal/XCODE/Learn Thai/Learn Thai/SFX/card7Sound.m4a"; sourceTree = "<group>"; };
		6824263223ECA70D00490395 /* card34Sound.m4a */ = {isa = PBXFileReference; lastKnownFileType = file; name = card34Sound.m4a; path = "../../../../Documents/1 - Personal/XCODE/Learn Thai/Learn Thai/SFX/card34Sound.m4a"; sourceTree = "<group>"; };
		6824263323ECA70D00490395 /* card28Sound.m4a */ = {isa = PBXFileReference; lastKnownFileType = file; name = card28Sound.m4a; path = "../../../../Documents/1 - Personal/XCODE/Learn Thai/Learn Thai/SFX/card28Sound.m4a"; sourceTree = "<group>"; };
		6824263423ECA70D00490395 /* card6Sound.m4a */ = {isa = PBXFileReference; lastKnownFileType = file; name = card6Sound.m4a; path = "../../../../Documents/1 - Personal/XCODE/Learn Thai/Learn Thai/SFX/card6Sound.m4a"; sourceTree = "<group>"; };
		6824263523ECA70D00490395 /* card21Sound.m4a */ = {isa = PBXFileReference; lastKnownFileType = file; name = card21Sound.m4a; path = "../../../../Documents/1 - Personal/XCODE/Learn Thai/Learn Thai/SFX/card21Sound.m4a"; sourceTree = "<group>"; };
		6824263623ECA70D00490395 /* card32Sound.m4a */ = {isa = PBXFileReference; lastKnownFileType = file; name = card32Sound.m4a; path = "../../../../Documents/1 - Personal/XCODE/Learn Thai/Learn Thai/SFX/card32Sound.m4a"; sourceTree = "<group>"; };
		6824263723ECA70D00490395 /* makmak.m4a */ = {isa = PBXFileReference; lastKnownFileType = file; name = makmak.m4a; path = "../../../../Documents/1 - Personal/XCODE/Learn Thai/Learn Thai/SFX/makmak.m4a"; sourceTree = "<group>"; };
		6824263823ECA70D00490395 /* card10Sound.m4a */ = {isa = PBXFileReference; lastKnownFileType = file; name = card10Sound.m4a; path = "../../../../Documents/1 - Personal/XCODE/Learn Thai/Learn Thai/SFX/card10Sound.m4a"; sourceTree = "<group>"; };
		6824263923ECA70D00490395 /* card14Sound.m4a */ = {isa = PBXFileReference; lastKnownFileType = file; name = card14Sound.m4a; path = "../../../../Documents/1 - Personal/XCODE/Learn Thai/Learn Thai/SFX/card14Sound.m4a"; sourceTree = "<group>"; };
		6824263A23ECA70D00490395 /* card4Sound.m4a */ = {isa = PBXFileReference; lastKnownFileType = file; name = card4Sound.m4a; path = "../../../../Documents/1 - Personal/XCODE/Learn Thai/Learn Thai/SFX/card4Sound.m4a"; sourceTree = "<group>"; };
		6824263B23ECA70D00490395 /* dingwrong.wav */ = {isa = PBXFileReference; lastKnownFileType = audio.wav; name = dingwrong.wav; path = "../../../../Documents/1 - Personal/XCODE/Learn Thai/Learn Thai/SFX/dingwrong.wav"; sourceTree = "<group>"; };
		6824263C23ECA70D00490395 /* card3Sound.m4a */ = {isa = PBXFileReference; lastKnownFileType = file; name = card3Sound.m4a; path = "../../../../Documents/1 - Personal/XCODE/Learn Thai/Learn Thai/SFX/card3Sound.m4a"; sourceTree = "<group>"; };
		6824263D23ECA70D00490395 /* card24Sound.m4a */ = {isa = PBXFileReference; lastKnownFileType = file; name = card24Sound.m4a; path = "../../../../Documents/1 - Personal/XCODE/Learn Thai/Learn Thai/SFX/card24Sound.m4a"; sourceTree = "<group>"; };
		6824263E23ECA70D00490395 /* card38Sound.m4a */ = {isa = PBXFileReference; lastKnownFileType = file; name = card38Sound.m4a; path = "../../../../Documents/1 - Personal/XCODE/Learn Thai/Learn Thai/SFX/card38Sound.m4a"; sourceTree = "<group>"; };
		6824263F23ECA70D00490395 /* card15Sound.m4a */ = {isa = PBXFileReference; lastKnownFileType = file; name = card15Sound.m4a; path = "../../../../Documents/1 - Personal/XCODE/Learn Thai/Learn Thai/SFX/card15Sound.m4a"; sourceTree = "<group>"; };
		6824264023ECA70D00490395 /* card31Sound.m4a */ = {isa = PBXFileReference; lastKnownFileType = file; name = card31Sound.m4a; path = "../../../../Documents/1 - Personal/XCODE/Learn Thai/Learn Thai/SFX/card31Sound.m4a"; sourceTree = "<group>"; };
		6824264123ECA70D00490395 /* card23Sound.m4a */ = {isa = PBXFileReference; lastKnownFileType = file; name = card23Sound.m4a; path = "../../../../Documents/1 - Personal/XCODE/Learn Thai/Learn Thai/SFX/card23Sound.m4a"; sourceTree = "<group>"; };
		6824264223ECA70D00490395 /* card26Sound.m4a */ = {isa = PBXFileReference; lastKnownFileType = file; name = card26Sound.m4a; path = "../../../../Documents/1 - Personal/XCODE/Learn Thai/Learn Thai/SFX/card26Sound.m4a"; sourceTree = "<group>"; };
		6824264323ECA70D00490395 /* card40Sound.m4a */ = {isa = PBXFileReference; lastKnownFileType = file; name = card40Sound.m4a; path = "../../../../Documents/1 - Personal/XCODE/Learn Thai/Learn Thai/SFX/card40Sound.m4a"; sourceTree = "<group>"; };
		6824264423ECA70E00490395 /* card33Sound.m4a */ = {isa = PBXFileReference; lastKnownFileType = file; name = card33Sound.m4a; path = "../../../../Documents/1 - Personal/XCODE/Learn Thai/Learn Thai/SFX/card33Sound.m4a"; sourceTree = "<group>"; };
		6824264523ECA70E00490395 /* card43Sound.m4a */ = {isa = PBXFileReference; lastKnownFileType = file; name = card43Sound.m4a; path = "../../../../Documents/1 - Personal/XCODE/Learn Thai/Learn Thai/SFX/card43Sound.m4a"; sourceTree = "<group>"; };
		6824267723ECA99F00490395 /* ActionButton.swift */ = {isa = PBXFileReference; lastKnownFileType = sourcecode.swift; path = ActionButton.swift; sourceTree = "<group>"; };
		6832D95D23FA447A00029EBC /* View+Ext.swift */ = {isa = PBXFileReference; lastKnownFileType = sourcecode.swift; path = "View+Ext.swift"; sourceTree = "<group>"; };
		6832D95F23FA453F00029EBC /* StackView+Ext.swift */ = {isa = PBXFileReference; lastKnownFileType = sourcecode.swift; path = "StackView+Ext.swift"; sourceTree = "<group>"; };
		68480F1923F9021100D537F4 /* SecondaryButton.swift */ = {isa = PBXFileReference; lastKnownFileType = sourcecode.swift; path = SecondaryButton.swift; sourceTree = "<group>"; };
		68616F4723FC5AE400F45247 /* FlashCard.swift */ = {isa = PBXFileReference; lastKnownFileType = sourcecode.swift; path = FlashCard.swift; sourceTree = "<group>"; };
		68616F4923FE0F5900F45247 /* MoreInfoMsgBoxVC.swift */ = {isa = PBXFileReference; lastKnownFileType = sourcecode.swift; path = MoreInfoMsgBoxVC.swift; sourceTree = "<group>"; };
		68616F4B23FE300000F45247 /* LearnLettersBasic.swift */ = {isa = PBXFileReference; lastKnownFileType = sourcecode.swift; path = LearnLettersBasic.swift; sourceTree = "<group>"; };
		68616F4D23FE312000F45247 /* LearnLettersCard.swift */ = {isa = PBXFileReference; lastKnownFileType = sourcecode.swift; path = LearnLettersCard.swift; sourceTree = "<group>"; };
		6884176223F35A8800FE8C49 /* Constants.swift */ = {isa = PBXFileReference; lastKnownFileType = sourcecode.swift; path = Constants.swift; sourceTree = "<group>"; };
		6884176423F361B800FE8C49 /* Utilities.swift */ = {isa = PBXFileReference; lastKnownFileType = sourcecode.swift; path = Utilities.swift; sourceTree = "<group>"; };
		688BEFA023EBB632001299F2 /* SoundManager.swift */ = {isa = PBXFileReference; lastKnownFileType = sourcecode.swift; path = SoundManager.swift; sourceTree = "<group>"; };
		68A5AC8C23EB1DCF0087EF7C /* Learn Thai - Alphabet.app */ = {isa = PBXFileReference; explicitFileType = wrapper.application; includeInIndex = 0; path = "Learn Thai - Alphabet.app"; sourceTree = BUILT_PRODUCTS_DIR; };
		68A5AC8F23EB1DCF0087EF7C /* AppDelegate.swift */ = {isa = PBXFileReference; lastKnownFileType = sourcecode.swift; path = AppDelegate.swift; sourceTree = "<group>"; };
		68A5AC9123EB1DCF0087EF7C /* SceneDelegate.swift */ = {isa = PBXFileReference; lastKnownFileType = sourcecode.swift; path = SceneDelegate.swift; sourceTree = "<group>"; };
		68A5AC9323EB1DCF0087EF7C /* ProficiencyTestVC.swift */ = {isa = PBXFileReference; lastKnownFileType = sourcecode.swift; path = ProficiencyTestVC.swift; sourceTree = "<group>"; };
		68A5AC9623EB1DCF0087EF7C /* Base */ = {isa = PBXFileReference; lastKnownFileType = file.storyboard; name = Base; path = Base.lproj/Main.storyboard; sourceTree = "<group>"; };
		68A5AC9823EB1DD00087EF7C /* Assets.xcassets */ = {isa = PBXFileReference; lastKnownFileType = folder.assetcatalog; path = Assets.xcassets; sourceTree = "<group>"; };
		68A5AC9B23EB1DD00087EF7C /* Base */ = {isa = PBXFileReference; lastKnownFileType = file.storyboard; name = Base; path = Base.lproj/LaunchScreen.storyboard; sourceTree = "<group>"; };
		68A5AC9D23EB1DD00087EF7C /* Info.plist */ = {isa = PBXFileReference; lastKnownFileType = text.plist.xml; path = Info.plist; sourceTree = "<group>"; };
		68A5ACA323EB91D40087EF7C /* Card.swift */ = {isa = PBXFileReference; lastKnownFileType = sourcecode.swift; path = Card.swift; sourceTree = "<group>"; };
		68CDEECB23ED18BD00401419 /* ScoreLabel.swift */ = {isa = PBXFileReference; lastKnownFileType = sourcecode.swift; path = ScoreLabel.swift; sourceTree = "<group>"; };
		68DB7E2723FF2F8B009583B4 /* CardsRemainingLabel.swift */ = {isa = PBXFileReference; lastKnownFileType = sourcecode.swift; path = CardsRemainingLabel.swift; sourceTree = "<group>"; };
		68EEB1E823F7531F00E5B4BA /* LearnLettersAdvancedVC.swift */ = {isa = PBXFileReference; lastKnownFileType = sourcecode.swift; path = LearnLettersAdvancedVC.swift; sourceTree = "<group>"; };
		68EEB1EA23F85D5B00E5B4BA /* TestSettingsVC.swift */ = {isa = PBXFileReference; lastKnownFileType = sourcecode.swift; path = TestSettingsVC.swift; sourceTree = "<group>"; };
		68F3348E23F644440087B7DC /* ScoreboardTitleLabel.swift */ = {isa = PBXFileReference; lastKnownFileType = sourcecode.swift; path = ScoreboardTitleLabel.swift; sourceTree = "<group>"; };
		68F5946023F8FA2400C6E181 /* CustomStack.swift */ = {isa = PBXFileReference; lastKnownFileType = sourcecode.swift; path = CustomStack.swift; sourceTree = "<group>"; };
/* End PBXFileReference section */

/* Begin PBXFrameworksBuildPhase section */
		68A5AC8923EB1DCF0087EF7C /* Frameworks */ = {
			isa = PBXFrameworksBuildPhase;
			buildActionMask = 2147483647;
			files = (
			);
			runOnlyForDeploymentPostprocessing = 0;
		};
/* End PBXFrameworksBuildPhase section */

/* Begin PBXGroup section */
		688BEFA323EBB9FE001299F2 /* SFX */ = {
			isa = PBXGroup;
			children = (
				6824262E23ECA70D00490395 /* card1Sound.m4a */,
				6824261A23ECA70C00490395 /* card2Sound.m4a */,
				6824263C23ECA70D00490395 /* card3Sound.m4a */,
				6824263A23ECA70D00490395 /* card4Sound.m4a */,
				6824263023ECA70D00490395 /* card5Sound.m4a */,
				6824263423ECA70D00490395 /* card6Sound.m4a */,
				6824263123ECA70D00490395 /* card7Sound.m4a */,
				6824262F23ECA70D00490395 /* card8Sound.m4a */,
				6824261723ECA70C00490395 /* card9Sound.m4a */,
				6824263823ECA70D00490395 /* card10Sound.m4a */,
				6824262A23ECA70C00490395 /* card11Sound.m4a */,
				6824261823ECA70C00490395 /* card12Sound.m4a */,
				6824262023ECA70C00490395 /* card13Sound.m4a */,
				6824263923ECA70D00490395 /* card14Sound.m4a */,
				6824263F23ECA70D00490395 /* card15Sound.m4a */,
				6824262423ECA70C00490395 /* card16Sound.m4a */,
				6824262923ECA70C00490395 /* card17Sound.m4a */,
				6824261D23ECA70C00490395 /* card18Sound.m4a */,
				6824262823ECA70C00490395 /* card19Sound.m4a */,
				6824261C23ECA70C00490395 /* card20Sound.m4a */,
				6824263523ECA70D00490395 /* card21Sound.m4a */,
				6824262523ECA70C00490395 /* card22Sound.m4a */,
				6824264123ECA70D00490395 /* card23Sound.m4a */,
				6824263D23ECA70D00490395 /* card24Sound.m4a */,
				6824261923ECA70C00490395 /* card25Sound.m4a */,
				6824264223ECA70D00490395 /* card26Sound.m4a */,
				6824262223ECA70C00490395 /* card27Sound.m4a */,
				6824263323ECA70D00490395 /* card28Sound.m4a */,
				6824262C23ECA70C00490395 /* card29Sound.m4a */,
				6824262723ECA70C00490395 /* card30Sound.m4a */,
				6824264023ECA70D00490395 /* card31Sound.m4a */,
				6824263623ECA70D00490395 /* card32Sound.m4a */,
				6824264423ECA70E00490395 /* card33Sound.m4a */,
				6824263223ECA70D00490395 /* card34Sound.m4a */,
				6824261523ECA70C00490395 /* card35Sound.m4a */,
				6824262D23ECA70D00490395 /* card36Sound.m4a */,
				6824262323ECA70C00490395 /* card37Sound.m4a */,
				6824263E23ECA70D00490395 /* card38Sound.m4a */,
				6824261F23ECA70C00490395 /* card39Sound.m4a */,
				6824264323ECA70D00490395 /* card40Sound.m4a */,
				6824262623ECA70C00490395 /* card41Sound.m4a */,
				6824261623ECA70C00490395 /* card42Sound.m4a */,
				6824264523ECA70E00490395 /* card43Sound.m4a */,
				6824262123ECA70C00490395 /* card44Sound.m4a */,
				6824261B23ECA70C00490395 /* cardflip.wav */,
				6824261E23ECA70C00490395 /* dingcorrect.wav */,
				6824263B23ECA70D00490395 /* dingwrong.wav */,
				6824263723ECA70D00490395 /* makmak.m4a */,
				6824262B23ECA70C00490395 /* shuffle.wav */,
			);
			path = SFX;
			sourceTree = "<group>";
		};
		68A5AC8323EB1DCF0087EF7C = {
			isa = PBXGroup;
			children = (
				68A5AC8E23EB1DCF0087EF7C /* Learn Thai Alphabet */,
				68A5AC8D23EB1DCF0087EF7C /* Products */,
			);
			sourceTree = "<group>";
		};
		68A5AC8D23EB1DCF0087EF7C /* Products */ = {
			isa = PBXGroup;
			children = (
				68A5AC8C23EB1DCF0087EF7C /* Learn Thai - Alphabet.app */,
			);
			name = Products;
			sourceTree = "<group>";
		};
		68A5AC8E23EB1DCF0087EF7C /* Learn Thai Alphabet */ = {
			isa = PBXGroup;
			children = (
				68F5945C23F8F91C00C6E181 /* ViewControllers */,
				68F5945D23F8F93F00C6E181 /* CustomViews */,
				68F5945F23F8F9B300C6E181 /* Managers */,
				68F5945E23F8F99800C6E181 /* Other */,
				688BEFA323EBB9FE001299F2 /* SFX */,
				68A5AC8F23EB1DCF0087EF7C /* AppDelegate.swift */,
				68A5AC9123EB1DCF0087EF7C /* SceneDelegate.swift */,
				68A5AC9523EB1DCF0087EF7C /* Main.storyboard */,
				68A5AC9823EB1DD00087EF7C /* Assets.xcassets */,
				68A5AC9A23EB1DD00087EF7C /* LaunchScreen.storyboard */,
				68A5AC9D23EB1DD00087EF7C /* Info.plist */,
			);
			path = "Learn Thai Alphabet";
			sourceTree = "<group>";
		};
		68F5945C23F8F91C00C6E181 /* ViewControllers */ = {
			isa = PBXGroup;
			children = (
				681087B023FAEFAA00CFC0DE /* MainMenuVC.swift */,
				68616F4B23FE300000F45247 /* LearnLettersBasic.swift */,
				68A5AC9323EB1DCF0087EF7C /* ProficiencyTestVC.swift */,
				68EEB1EA23F85D5B00E5B4BA /* TestSettingsVC.swift */,
				68616F4923FE0F5900F45247 /* MoreInfoMsgBoxVC.swift */,
				68EEB1E823F7531F00E5B4BA /* LearnLettersAdvancedVC.swift */,
			);
			path = ViewControllers;
			sourceTree = "<group>";
		};
		68F5945D23F8F93F00C6E181 /* CustomViews */ = {
			isa = PBXGroup;
			children = (
				68F3348E23F644440087B7DC /* ScoreboardTitleLabel.swift */,
				68DB7E2723FF2F8B009583B4 /* CardsRemainingLabel.swift */,
				681087AE23FAE14700CFC0DE /* TimerLabel.swift */,
				68CDEECB23ED18BD00401419 /* ScoreLabel.swift */,
				68A5ACA323EB91D40087EF7C /* Card.swift */,
				6824267723ECA99F00490395 /* ActionButton.swift */,
				68F5946023F8FA2400C6E181 /* CustomStack.swift */,
				68480F1923F9021100D537F4 /* SecondaryButton.swift */,
				68616F4723FC5AE400F45247 /* FlashCard.swift */,
				68616F4D23FE312000F45247 /* LearnLettersCard.swift */,
			);
			path = CustomViews;
			sourceTree = "<group>";
		};
		68F5945E23F8F99800C6E181 /* Other */ = {
			isa = PBXGroup;
			children = (
				6884176423F361B800FE8C49 /* Utilities.swift */,
				6884176223F35A8800FE8C49 /* Constants.swift */,
				6832D95D23FA447A00029EBC /* View+Ext.swift */,
				6832D95F23FA453F00029EBC /* StackView+Ext.swift */,
			);
			path = Other;
			sourceTree = "<group>";
		};
		68F5945F23F8F9B300C6E181 /* Managers */ = {
			isa = PBXGroup;
			children = (
				688BEFA023EBB632001299F2 /* SoundManager.swift */,
			);
			path = Managers;
			sourceTree = "<group>";
		};
/* End PBXGroup section */

/* Begin PBXNativeTarget section */
		68A5AC8B23EB1DCF0087EF7C /* Learn Thai Alphabet */ = {
			isa = PBXNativeTarget;
			buildConfigurationList = 68A5ACA023EB1DD00087EF7C /* Build configuration list for PBXNativeTarget "Learn Thai Alphabet" */;
			buildPhases = (
				68A5AC8823EB1DCF0087EF7C /* Sources */,
				68A5AC8923EB1DCF0087EF7C /* Frameworks */,
				68A5AC8A23EB1DCF0087EF7C /* Resources */,
			);
			buildRules = (
			);
			dependencies = (
			);
			name = "Learn Thai Alphabet";
			productName = "Stack Practice";
			productReference = 68A5AC8C23EB1DCF0087EF7C /* Learn Thai - Alphabet.app */;
			productType = "com.apple.product-type.application";
		};
/* End PBXNativeTarget section */

/* Begin PBXProject section */
		68A5AC8423EB1DCF0087EF7C /* Project object */ = {
			isa = PBXProject;
			attributes = {
				LastSwiftUpdateCheck = 1130;
				LastUpgradeCheck = 1130;
				ORGANIZATIONNAME = "Patrick Lawler";
				TargetAttributes = {
					68A5AC8B23EB1DCF0087EF7C = {
						CreatedOnToolsVersion = 11.3.1;
					};
				};
			};
			buildConfigurationList = 68A5AC8723EB1DCF0087EF7C /* Build configuration list for PBXProject "Learn Thai Alphabet" */;
			compatibilityVersion = "Xcode 9.3";
			developmentRegion = en;
			hasScannedForEncodings = 0;
			knownRegions = (
				en,
				Base,
			);
			mainGroup = 68A5AC8323EB1DCF0087EF7C;
			productRefGroup = 68A5AC8D23EB1DCF0087EF7C /* Products */;
			projectDirPath = "";
			projectRoot = "";
			targets = (
				68A5AC8B23EB1DCF0087EF7C /* Learn Thai Alphabet */,
			);
		};
/* End PBXProject section */

/* Begin PBXResourcesBuildPhase section */
		68A5AC8A23EB1DCF0087EF7C /* Resources */ = {
			isa = PBXResourcesBuildPhase;
			buildActionMask = 2147483647;
			files = (
				68A5AC9C23EB1DD00087EF7C /* LaunchScreen.storyboard in Resources */,
				6824266623ECA70E00490395 /* card21Sound.m4a in Resources */,
				6824265123ECA70E00490395 /* card13Sound.m4a in Resources */,
				6824264A23ECA70E00490395 /* card25Sound.m4a in Resources */,
				6824267523ECA70E00490395 /* card33Sound.m4a in Resources */,
				6824264B23ECA70E00490395 /* card2Sound.m4a in Resources */,
				6824265423ECA70E00490395 /* card37Sound.m4a in Resources */,
				6824265523ECA70E00490395 /* card16Sound.m4a in Resources */,
				68A5AC9923EB1DD00087EF7C /* Assets.xcassets in Resources */,
				6824266E23ECA70E00490395 /* card24Sound.m4a in Resources */,
				6824266C23ECA70E00490395 /* dingwrong.wav in Resources */,
				6824265823ECA70E00490395 /* card30Sound.m4a in Resources */,
				6824266423ECA70E00490395 /* card28Sound.m4a in Resources */,
				6824264F23ECA70E00490395 /* dingcorrect.wav in Resources */,
				6824265D23ECA70E00490395 /* card29Sound.m4a in Resources */,
				6824266823ECA70E00490395 /* makmak.m4a in Resources */,
				6824264D23ECA70E00490395 /* card20Sound.m4a in Resources */,
				6824266323ECA70E00490395 /* card34Sound.m4a in Resources */,
				6824266A23ECA70E00490395 /* card14Sound.m4a in Resources */,
				6824265323ECA70E00490395 /* card27Sound.m4a in Resources */,
				6824264823ECA70E00490395 /* card9Sound.m4a in Resources */,
				6824264623ECA70E00490395 /* card35Sound.m4a in Resources */,
				6824264E23ECA70E00490395 /* card18Sound.m4a in Resources */,
				6824265223ECA70E00490395 /* card44Sound.m4a in Resources */,
				6824267223ECA70E00490395 /* card23Sound.m4a in Resources */,
				6824265923ECA70E00490395 /* card19Sound.m4a in Resources */,
				6824266123ECA70E00490395 /* card5Sound.m4a in Resources */,
				6824266523ECA70E00490395 /* card6Sound.m4a in Resources */,
				6824265F23ECA70E00490395 /* card1Sound.m4a in Resources */,
				6824264923ECA70E00490395 /* card12Sound.m4a in Resources */,
				68A5AC9723EB1DCF0087EF7C /* Main.storyboard in Resources */,
				6824265A23ECA70E00490395 /* card17Sound.m4a in Resources */,
				6824265B23ECA70E00490395 /* card11Sound.m4a in Resources */,
				6824267623ECA70E00490395 /* card43Sound.m4a in Resources */,
				6824267423ECA70E00490395 /* card40Sound.m4a in Resources */,
				6824264723ECA70E00490395 /* card42Sound.m4a in Resources */,
				6824266223ECA70E00490395 /* card7Sound.m4a in Resources */,
				6824265023ECA70E00490395 /* card39Sound.m4a in Resources */,
				6824267023ECA70E00490395 /* card15Sound.m4a in Resources */,
				6824266D23ECA70E00490395 /* card3Sound.m4a in Resources */,
				6824265E23ECA70E00490395 /* card36Sound.m4a in Resources */,
				6824266923ECA70E00490395 /* card10Sound.m4a in Resources */,
				6824266023ECA70E00490395 /* card8Sound.m4a in Resources */,
				6824265C23ECA70E00490395 /* shuffle.wav in Resources */,
				6824266723ECA70E00490395 /* card32Sound.m4a in Resources */,
				6824267123ECA70E00490395 /* card31Sound.m4a in Resources */,
				6824266F23ECA70E00490395 /* card38Sound.m4a in Resources */,
				6824267323ECA70E00490395 /* card26Sound.m4a in Resources */,
				6824265623ECA70E00490395 /* card22Sound.m4a in Resources */,
				6824266B23ECA70E00490395 /* card4Sound.m4a in Resources */,
				6824265723ECA70E00490395 /* card41Sound.m4a in Resources */,
				6824264C23ECA70E00490395 /* cardflip.wav in Resources */,
			);
			runOnlyForDeploymentPostprocessing = 0;
		};
/* End PBXResourcesBuildPhase section */

/* Begin PBXSourcesBuildPhase section */
		68A5AC8823EB1DCF0087EF7C /* Sources */ = {
			isa = PBXSourcesBuildPhase;
			buildActionMask = 2147483647;
			files = (
				68A5AC9423EB1DCF0087EF7C /* ProficiencyTestVC.swift in Sources */,
				68A5AC9023EB1DCF0087EF7C /* AppDelegate.swift in Sources */,
				6832D95E23FA447A00029EBC /* View+Ext.swift in Sources */,
				681087AF23FAE14700CFC0DE /* TimerLabel.swift in Sources */,
				68A5AC9223EB1DCF0087EF7C /* SceneDelegate.swift in Sources */,
				68DB7E2823FF2F8B009583B4 /* CardsRemainingLabel.swift in Sources */,
				68616F4823FC5AE400F45247 /* FlashCard.swift in Sources */,
				68F5946123F8FA2400C6E181 /* CustomStack.swift in Sources */,
				68EEB1E923F7531F00E5B4BA /* LearnLettersAdvancedVC.swift in Sources */,
				68CDEECC23ED18BD00401419 /* ScoreLabel.swift in Sources */,
				681087B123FAEFAA00CFC0DE /* MainMenuVC.swift in Sources */,
				68A5ACA423EB91D40087EF7C /* Card.swift in Sources */,
				68616F4C23FE300000F45247 /* LearnLettersBasic.swift in Sources */,
				688BEFA123EBB632001299F2 /* SoundManager.swift in Sources */,
				68F3348F23F644440087B7DC /* ScoreboardTitleLabel.swift in Sources */,
				6884176523F361B800FE8C49 /* Utilities.swift in Sources */,
				6832D96023FA453F00029EBC /* StackView+Ext.swift in Sources */,
				68480F1A23F9021100D537F4 /* SecondaryButton.swift in Sources */,
				68EEB1EB23F85D5B00E5B4BA /* TestSettingsVC.swift in Sources */,
				6824267823ECA99F00490395 /* ActionButton.swift in Sources */,
				68616F4A23FE0F5900F45247 /* MoreInfoMsgBoxVC.swift in Sources */,
				68616F4E23FE312000F45247 /* LearnLettersCard.swift in Sources */,
				6884176323F35A8900FE8C49 /* Constants.swift in Sources */,
			);
			runOnlyForDeploymentPostprocessing = 0;
		};
/* End PBXSourcesBuildPhase section */

/* Begin PBXVariantGroup section */
		68A5AC9523EB1DCF0087EF7C /* Main.storyboard */ = {
			isa = PBXVariantGroup;
			children = (
				68A5AC9623EB1DCF0087EF7C /* Base */,
			);
			name = Main.storyboard;
			sourceTree = "<group>";
		};
		68A5AC9A23EB1DD00087EF7C /* LaunchScreen.storyboard */ = {
			isa = PBXVariantGroup;
			children = (
				68A5AC9B23EB1DD00087EF7C /* Base */,
			);
			name = LaunchScreen.storyboard;
			sourceTree = "<group>";
		};
/* End PBXVariantGroup section */

/* Begin XCBuildConfiguration section */
		68A5AC9E23EB1DD00087EF7C /* Debug */ = {
			isa = XCBuildConfiguration;
			buildSettings = {
				ALWAYS_SEARCH_USER_PATHS = NO;
				CLANG_ANALYZER_NONNULL = YES;
				CLANG_ANALYZER_NUMBER_OBJECT_CONVERSION = YES_AGGRESSIVE;
				CLANG_CXX_LANGUAGE_STANDARD = "gnu++14";
				CLANG_CXX_LIBRARY = "libc++";
				CLANG_ENABLE_MODULES = YES;
				CLANG_ENABLE_OBJC_ARC = YES;
				CLANG_ENABLE_OBJC_WEAK = YES;
				CLANG_WARN_BLOCK_CAPTURE_AUTORELEASING = YES;
				CLANG_WARN_BOOL_CONVERSION = YES;
				CLANG_WARN_COMMA = YES;
				CLANG_WARN_CONSTANT_CONVERSION = YES;
				CLANG_WARN_DEPRECATED_OBJC_IMPLEMENTATIONS = YES;
				CLANG_WARN_DIRECT_OBJC_ISA_USAGE = YES_ERROR;
				CLANG_WARN_DOCUMENTATION_COMMENTS = YES;
				CLANG_WARN_EMPTY_BODY = YES;
				CLANG_WARN_ENUM_CONVERSION = YES;
				CLANG_WARN_INFINITE_RECURSION = YES;
				CLANG_WARN_INT_CONVERSION = YES;
				CLANG_WARN_NON_LITERAL_NULL_CONVERSION = YES;
				CLANG_WARN_OBJC_IMPLICIT_RETAIN_SELF = YES;
				CLANG_WARN_OBJC_LITERAL_CONVERSION = YES;
				CLANG_WARN_OBJC_ROOT_CLASS = YES_ERROR;
				CLANG_WARN_RANGE_LOOP_ANALYSIS = YES;
				CLANG_WARN_STRICT_PROTOTYPES = YES;
				CLANG_WARN_SUSPICIOUS_MOVE = YES;
				CLANG_WARN_UNGUARDED_AVAILABILITY = YES_AGGRESSIVE;
				CLANG_WARN_UNREACHABLE_CODE = YES;
				CLANG_WARN__DUPLICATE_METHOD_MATCH = YES;
				COPY_PHASE_STRIP = NO;
				DEBUG_INFORMATION_FORMAT = dwarf;
				ENABLE_STRICT_OBJC_MSGSEND = YES;
				ENABLE_TESTABILITY = YES;
				GCC_C_LANGUAGE_STANDARD = gnu11;
				GCC_DYNAMIC_NO_PIC = NO;
				GCC_NO_COMMON_BLOCKS = YES;
				GCC_OPTIMIZATION_LEVEL = 0;
				GCC_PREPROCESSOR_DEFINITIONS = (
					"DEBUG=1",
					"$(inherited)",
				);
				GCC_WARN_64_TO_32_BIT_CONVERSION = YES;
				GCC_WARN_ABOUT_RETURN_TYPE = YES_ERROR;
				GCC_WARN_UNDECLARED_SELECTOR = YES;
				GCC_WARN_UNINITIALIZED_AUTOS = YES_AGGRESSIVE;
				GCC_WARN_UNUSED_FUNCTION = YES;
				GCC_WARN_UNUSED_VARIABLE = YES;
				IPHONEOS_DEPLOYMENT_TARGET = 13.2;
				MTL_ENABLE_DEBUG_INFO = INCLUDE_SOURCE;
				MTL_FAST_MATH = YES;
				ONLY_ACTIVE_ARCH = YES;
				SDKROOT = iphoneos;
				SWIFT_ACTIVE_COMPILATION_CONDITIONS = DEBUG;
				SWIFT_OPTIMIZATION_LEVEL = "-Onone";
			};
			name = Debug;
		};
		68A5AC9F23EB1DD00087EF7C /* Release */ = {
			isa = XCBuildConfiguration;
			buildSettings = {
				ALWAYS_SEARCH_USER_PATHS = NO;
				CLANG_ANALYZER_NONNULL = YES;
				CLANG_ANALYZER_NUMBER_OBJECT_CONVERSION = YES_AGGRESSIVE;
				CLANG_CXX_LANGUAGE_STANDARD = "gnu++14";
				CLANG_CXX_LIBRARY = "libc++";
				CLANG_ENABLE_MODULES = YES;
				CLANG_ENABLE_OBJC_ARC = YES;
				CLANG_ENABLE_OBJC_WEAK = YES;
				CLANG_WARN_BLOCK_CAPTURE_AUTORELEASING = YES;
				CLANG_WARN_BOOL_CONVERSION = YES;
				CLANG_WARN_COMMA = YES;
				CLANG_WARN_CONSTANT_CONVERSION = YES;
				CLANG_WARN_DEPRECATED_OBJC_IMPLEMENTATIONS = YES;
				CLANG_WARN_DIRECT_OBJC_ISA_USAGE = YES_ERROR;
				CLANG_WARN_DOCUMENTATION_COMMENTS = YES;
				CLANG_WARN_EMPTY_BODY = YES;
				CLANG_WARN_ENUM_CONVERSION = YES;
				CLANG_WARN_INFINITE_RECURSION = YES;
				CLANG_WARN_INT_CONVERSION = YES;
				CLANG_WARN_NON_LITERAL_NULL_CONVERSION = YES;
				CLANG_WARN_OBJC_IMPLICIT_RETAIN_SELF = YES;
				CLANG_WARN_OBJC_LITERAL_CONVERSION = YES;
				CLANG_WARN_OBJC_ROOT_CLASS = YES_ERROR;
				CLANG_WARN_RANGE_LOOP_ANALYSIS = YES;
				CLANG_WARN_STRICT_PROTOTYPES = YES;
				CLANG_WARN_SUSPICIOUS_MOVE = YES;
				CLANG_WARN_UNGUARDED_AVAILABILITY = YES_AGGRESSIVE;
				CLANG_WARN_UNREACHABLE_CODE = YES;
				CLANG_WARN__DUPLICATE_METHOD_MATCH = YES;
				COPY_PHASE_STRIP = NO;
				DEBUG_INFORMATION_FORMAT = "dwarf-with-dsym";
				ENABLE_NS_ASSERTIONS = NO;
				ENABLE_STRICT_OBJC_MSGSEND = YES;
				GCC_C_LANGUAGE_STANDARD = gnu11;
				GCC_NO_COMMON_BLOCKS = YES;
				GCC_WARN_64_TO_32_BIT_CONVERSION = YES;
				GCC_WARN_ABOUT_RETURN_TYPE = YES_ERROR;
				GCC_WARN_UNDECLARED_SELECTOR = YES;
				GCC_WARN_UNINITIALIZED_AUTOS = YES_AGGRESSIVE;
				GCC_WARN_UNUSED_FUNCTION = YES;
				GCC_WARN_UNUSED_VARIABLE = YES;
				IPHONEOS_DEPLOYMENT_TARGET = 13.2;
				MTL_ENABLE_DEBUG_INFO = NO;
				MTL_FAST_MATH = YES;
				SDKROOT = iphoneos;
				SWIFT_COMPILATION_MODE = wholemodule;
				SWIFT_OPTIMIZATION_LEVEL = "-O";
				VALIDATE_PRODUCT = YES;
			};
			name = Release;
		};
		68A5ACA123EB1DD00087EF7C /* Debug */ = {
			isa = XCBuildConfiguration;
			buildSettings = {
				ASSETCATALOG_COMPILER_APPICON_NAME = AppIcon;
				CODE_SIGN_STYLE = Automatic;
				DEVELOPMENT_TEAM = X8629DMYVG;
				INFOPLIST_FILE = "$(SRCROOT)/Learn Thai Alphabet/Info.plist";
				LD_RUNPATH_SEARCH_PATHS = (
					"$(inherited)",
					"@executable_path/Frameworks",
				);
				PRODUCT_BUNDLE_IDENTIFIER = "com.lawlerinnovationsinc.Learn-Thai-Alphabet";
				PRODUCT_NAME = "Learn Thai - Alphabet";
				SWIFT_VERSION = 5.0;
				TARGETED_DEVICE_FAMILY = "1,2";
			};
			name = Debug;
		};
		68A5ACA223EB1DD00087EF7C /* Release */ = {
			isa = XCBuildConfiguration;
			buildSettings = {
				ASSETCATALOG_COMPILER_APPICON_NAME = AppIcon;
				CODE_SIGN_STYLE = Automatic;
				DEVELOPMENT_TEAM = X8629DMYVG;
				INFOPLIST_FILE = "$(SRCROOT)/Learn Thai Alphabet/Info.plist";
				LD_RUNPATH_SEARCH_PATHS = (
					"$(inherited)",
					"@executable_path/Frameworks",
				);
				PRODUCT_BUNDLE_IDENTIFIER = "com.lawlerinnovationsinc.Learn-Thai-Alphabet";
				PRODUCT_NAME = "Learn Thai - Alphabet";
				SWIFT_VERSION = 5.0;
				TARGETED_DEVICE_FAMILY = "1,2";
			};
			name = Release;
		};
/* End XCBuildConfiguration section */

/* Begin XCConfigurationList section */
		68A5AC8723EB1DCF0087EF7C /* Build configuration list for PBXProject "Learn Thai Alphabet" */ = {
			isa = XCConfigurationList;
			buildConfigurations = (
				68A5AC9E23EB1DD00087EF7C /* Debug */,
				68A5AC9F23EB1DD00087EF7C /* Release */,
			);
			defaultConfigurationIsVisible = 0;
			defaultConfigurationName = Release;
		};
		68A5ACA023EB1DD00087EF7C /* Build configuration list for PBXNativeTarget "Learn Thai Alphabet" */ = {
			isa = XCConfigurationList;
			buildConfigurations = (
				68A5ACA123EB1DD00087EF7C /* Debug */,
				68A5ACA223EB1DD00087EF7C /* Release */,
			);
			defaultConfigurationIsVisible = 0;
			defaultConfigurationName = Release;
		};
/* End XCConfigurationList section */
	};
	rootObject = 68A5AC8423EB1DCF0087EF7C /* Project object */;
}
